
Microsoft Visual Studio Solution File, Format Version 12.00
# Visual Studio Version 16
VisualStudioVersion = 16.0.30225.117
MinimumVisualStudioVersion = 10.0.40219.1
Project("{8BC9CEB8-8B4A-11D0-8D11-00A0C91BC942}") = "BubbleSort using pointers practice", "BubbleSort using pointers practice\BubbleSort using pointers practice.vcxproj", "{67998141-9587-48D2-9C6C-85D56B2E7BE9}"
EndProject
Global
	GlobalSection(SolutionConfigurationPlatforms) = preSolution
		Debug|x64 = Debug|x64
		Debug|x86 = Debug|x86
		Release|x64 = Release|x64
		Release|x86 = Release|x86
	EndGlobalSection
	GlobalSection(ProjectConfigurationPlatforms) = postSolution
		{67998141-9587-48D2-9C6C-85D56B2E7BE9}.Debug|x64.ActiveCfg = Debug|x64
		{67998141-9587-48D2-9C6C-85D56B2E7BE9}.Debug|x64.Build.0 = Debug|x64
		{67998141-9587-48D2-9C6C-85D56B2E7BE9}.Debug|x86.ActiveCfg = Debug|Win32
		{67998141-9587-48D2-9C6C-85D56B2E7BE9}.Debug|x86.Build.0 = Debug|Win32
		{67998141-9587-48D2-9C6C-85D56B2E7BE9}.Release|x64.ActiveCfg = Release|x64
		{67998141-9587-48D2-9C6C-85D56B2E7BE9}.Release|x64.Build.0 = Release|x64
		{67998141-9587-48D2-9C6C-85D56B2E7BE9}.Release|x86.ActiveCfg = Release|Win32
		{67998141-9587-48D2-9C6C-85D56B2E7BE9}.Release|x86.Build.0 = Release|Win32
	EndGlobalSection
	GlobalSection(SolutionProperties) = preSolution
		HideSolutionNode = FALSE
	EndGlobalSection
	GlobalSection(ExtensibilityGlobals) = postSolution
		SolutionGuid = {B9A1A283-55B0-4EDE-ADFD-FC0C81B6626E}
	EndGlobalSection
EndGlobal
